// !$*UTF8*$!
{
	archiveVersion = 1;
	classes = {
	};
	objectVersion = 46;
	objects = {

/* Begin PBXBuildFile section */
		1D94869E198B099300324396 /* libcublas.5.5.dylib in Frameworks */ = {isa = PBXBuildFile; fileRef = 1D94869D198B099300324396 /* libcublas.5.5.dylib */; };
		1D9486A0198B09AB00324396 /* libcurand.5.5.dylib in Frameworks */ = {isa = PBXBuildFile; fileRef = 1D94869F198B09AB00324396 /* libcurand.5.5.dylib */; };
		1D9486A2198B0A7100324396 /* libcudart.5.5.dylib in Frameworks */ = {isa = PBXBuildFile; fileRef = 1D9486A1198B0A7100324396 /* libcudart.5.5.dylib */; };
		1DD39FB2198B4C38007645E2 /* setUp.cu in Sources */ = {isa = PBXBuildFile; fileRef = 1D94869C198B069400324396 /* setUp.cu */; };
		1DD39FB3198B4C3C007645E2 /* cudaHelpers.cu in Sources */ = {isa = PBXBuildFile; fileRef = 1D9486A3198B0CAB00324396 /* cudaHelpers.cu */; };
		443C463D198A00C50079A2C8 /* CUDADSMC.1 in CopyFiles */ = {isa = PBXBuildFile; fileRef = 443C463C198A00C50079A2C8 /* CUDADSMC.1 */; };
		443C4646198B04E60079A2C8 /* main.cu in Sources */ = {isa = PBXBuildFile; fileRef = 443C4645198B04E60079A2C8 /* main.cu */; };
/* End PBXBuildFile section */

/* Begin PBXCopyFilesBuildPhase section */
		443C4635198A00C50079A2C8 /* CopyFiles */ = {
			isa = PBXCopyFilesBuildPhase;
			buildActionMask = 2147483647;
			dstPath = /usr/share/man/man1/;
			dstSubfolderSpec = 0;
			files = (
				443C463D198A00C50079A2C8 /* CUDADSMC.1 in CopyFiles */,
			);
			runOnlyForDeploymentPostprocessing = 1;
		};
/* End PBXCopyFilesBuildPhase section */

/* Begin PBXFileReference section */
		1D94869C198B069400324396 /* setUp.cu */ = {isa = PBXFileReference; fileEncoding = 4; lastKnownFileType = text; name = setUp.cu; path = src/setUp.cu; sourceTree = "<group>"; xcLanguageSpecificationIdentifier = xcode.lang.cpp; };
		1D94869D198B099300324396 /* libcublas.5.5.dylib */ = {isa = PBXFileReference; lastKnownFileType = "compiled.mach-o.dylib"; name = libcublas.5.5.dylib; path = "../../../../../Developer/NVIDIA/CUDA-5.5/lib/libcublas.5.5.dylib"; sourceTree = "<group>"; };
		1D94869F198B09AB00324396 /* libcurand.5.5.dylib */ = {isa = PBXFileReference; lastKnownFileType = "compiled.mach-o.dylib"; name = libcurand.5.5.dylib; path = "../../../../../Developer/NVIDIA/CUDA-5.5/lib/libcurand.5.5.dylib"; sourceTree = "<group>"; };
		1D9486A1198B0A7100324396 /* libcudart.5.5.dylib */ = {isa = PBXFileReference; lastKnownFileType = "compiled.mach-o.dylib"; name = libcudart.5.5.dylib; path = "../../../../../Developer/NVIDIA/CUDA-5.5/lib/libcudart.5.5.dylib"; sourceTree = "<group>"; };
		1D9486A3198B0CAB00324396 /* cudaHelpers.cu */ = {isa = PBXFileReference; fileEncoding = 4; lastKnownFileType = text; name = cudaHelpers.cu; path = src/cudaHelpers.cu; sourceTree = "<group>"; xcLanguageSpecificationIdentifier = xcode.lang.cpp; };
		1D9486A4198B0F8A00324396 /* cudaHelpers.cuh */ = {isa = PBXFileReference; lastKnownFileType = text; name = cudaHelpers.cuh; path = include/cudaHelpers.cuh; sourceTree = "<group>"; xcLanguageSpecificationIdentifier = xcode.lang.cpp; };
		1D9486A6198B10A800324396 /* Makefile */ = {isa = PBXFileReference; lastKnownFileType = sourcecode.make; path = Makefile; sourceTree = "<group>"; xcLanguageSpecificationIdentifier = xcode.lang.sh; };
		1DC74A21199D7DAB00C41388 /* hdf5Helpers.cu */ = {isa = PBXFileReference; fileEncoding = 4; lastKnownFileType = text; name = hdf5Helpers.cu; path = src/hdf5Helpers.cu; sourceTree = "<group>"; xcLanguageSpecificationIdentifier = xcode.lang.cpp; };
		1DC74A22199D7DD200C41388 /* hdf5Helpers.cuh */ = {isa = PBXFileReference; lastKnownFileType = text; name = hdf5Helpers.cuh; path = include/hdf5Helpers.cuh; sourceTree = "<group>"; xcLanguageSpecificationIdentifier = xcode.lang.cpp; };
		1DD39FB1198B4BD5007645E2 /* setUp.cuh */ = {isa = PBXFileReference; lastKnownFileType = text; name = setUp.cuh; path = include/setUp.cuh; sourceTree = "<group>"; xcLanguageSpecificationIdentifier = xcode.lang.cpp; };
		1DD39FB4198B5041007645E2 /* initialSystemParameters.cuh */ = {isa = PBXFileReference; lastKnownFileType = text; name = initialSystemParameters.cuh; path = include/initialSystemParameters.cuh; sourceTree = "<group>"; xcLanguageSpecificationIdentifier = xcode.lang.cpp; };
		1DD5281F19B715840058546E /* energyComparison.py */ = {isa = PBXFileReference; lastKnownFileType = text.script.python; path = energyComparison.py; sourceTree = "<group>"; };
		1DE20FC119AFEB9C00B7E8EA /* energyChecker.py */ = {isa = PBXFileReference; lastKnownFileType = text.script.python; path = energyChecker.py; sourceTree = "<group>"; };
		1DF72A081995B3D500E6659A /* statTests.cu */ = {isa = PBXFileReference; fileEncoding = 4; lastKnownFileType = text; name = statTests.cu; path = src/statTests.cu; sourceTree = "<group>"; xcLanguageSpecificationIdentifier = xcode.lang.cpp; };
		1DF72A091995B6FE00E6659A /* statTests.cuh */ = {isa = PBXFileReference; lastKnownFileType = text; name = statTests.cuh; path = include/statTests.cuh; sourceTree = "<group>"; xcLanguageSpecificationIdentifier = xcode.lang.cpp; };
		443C4637198A00C50079A2C8 /* CUDADSMC */ = {isa = PBXFileReference; explicitFileType = "compiled.mach-o.executable"; includeInIndex = 0; path = CUDADSMC; sourceTree = BUILT_PRODUCTS_DIR; };
		443C463C198A00C50079A2C8 /* CUDADSMC.1 */ = {isa = PBXFileReference; lastKnownFileType = text.man; path = CUDADSMC.1; sourceTree = "<group>"; };
		443C4643198A01170079A2C8 /* moveAtoms.cu */ = {isa = PBXFileReference; fileEncoding = 4; lastKnownFileType = text; name = moveAtoms.cu; path = src/moveAtoms.cu; sourceTree = "<group>"; xcLanguageSpecificationIdentifier = xcode.lang.cpp; };
		443C4645198B04E60079A2C8 /* main.cu */ = {isa = PBXFileReference; fileEncoding = 4; lastKnownFileType = text; name = main.cu; path = src/main.cu; sourceTree = "<group>"; xcLanguageSpecificationIdentifier = xcode.lang.cpp; };
		443C464719930AC60079A2C8 /* moveTest.cu */ = {isa = PBXFileReference; fileEncoding = 4; lastKnownFileType = text; name = moveTest.cu; path = src/moveTest.cu; sourceTree = "<group>"; xcLanguageSpecificationIdentifier = xcode.lang.cpp; };
		44570C9F19A3075A003541D9 /* collisions.cu */ = {isa = PBXFileReference; fileEncoding = 4; lastKnownFileType = text; name = collisions.cu; path = src/collisions.cu; sourceTree = "<group>"; xcLanguageSpecificationIdentifier = xcode.lang.cpp; };
		44570CA019A30781003541D9 /* collisions.cuh */ = {isa = PBXFileReference; lastKnownFileType = text; name = collisions.cuh; path = include/collisions.cuh; sourceTree = "<group>"; xcLanguageSpecificationIdentifier = xcode.lang.cpp; };
		44570CA119A310CD003541D9 /* declareInitialSystemParameters.cuh */ = {isa = PBXFileReference; lastKnownFileType = text; name = declareInitialSystemParameters.cuh; path = include/declareInitialSystemParameters.cuh; sourceTree = "<group>"; xcLanguageSpecificationIdentifier = xcode.lang.cpp; };
		4498B4611999C2D400305A43 /* moveAtoms.cuh */ = {isa = PBXFileReference; lastKnownFileType = text; name = moveAtoms.cuh; path = include/moveAtoms.cuh; sourceTree = "<group>"; xcLanguageSpecificationIdentifier = xcode.lang.cpp; };
		4498B4631999C57000305A43 /* vectorMath.cuh */ = {isa = PBXFileReference; lastKnownFileType = text; name = vectorMath.cuh; path = include/vectorMath.cuh; sourceTree = "<group>"; xcLanguageSpecificationIdentifier = xcode.lang.cpp; };
		449EFDC019BD2736000E8B37 /* collisionChecker.py */ = {isa = PBXFileReference; fileEncoding = 4; lastKnownFileType = text.script.python; path = collisionChecker.py; sourceTree = "<group>"; };
		44B75D6D19C15D41000FA0E7 /* spinEvolution.cu */ = {isa = PBXFileReference; fileEncoding = 4; lastKnownFileType = text; name = spinEvolution.cu; path = src/spinEvolution.cu; sourceTree = "<group>"; xcLanguageSpecificationIdentifier = xcode.lang.cpp; };
		44B75D6E19C15D76000FA0E7 /* spinEvolution.cuh */ = {isa = PBXFileReference; lastKnownFileType = text; name = spinEvolution.cuh; path = include/spinEvolution.cuh; sourceTree = "<group>"; xcLanguageSpecificationIdentifier = xcode.lang.cpp; };
		44B75D6F19C42FC7000FA0E7 /* deviceSystemParameters.cuh */ = {isa = PBXFileReference; lastKnownFileType = text; name = deviceSystemParameters.cuh; path = include/deviceSystemParameters.cuh; sourceTree = "<group>"; xcLanguageSpecificationIdentifier = xcode.lang.cpp; };
		44B75D7019C7B685000FA0E7 /* wavefunctionChecker.py */ = {isa = PBXFileReference; fileEncoding = 4; lastKnownFileType = text.script.python; path = wavefunctionChecker.py; sourceTree = "<group>"; };
		44D2737C19B82A17003DC8A8 /* collideTest.cu */ = {isa = PBXFileReference; fileEncoding = 4; lastKnownFileType = text; name = collideTest.cu; path = src/collideTest.cu; sourceTree = "<group>"; xcLanguageSpecificationIdentifier = xcode.lang.cpp; };
		44D2EA1819AEF78B00441BB7 /* declareDeviceSystemParameters.cuh */ = {isa = PBXFileReference; lastKnownFileType = text; name = declareDeviceSystemParameters.cuh; path = include/declareDeviceSystemParameters.cuh; sourceTree = "<group>"; xcLanguageSpecificationIdentifier = xcode.lang.cpp; };
/* End PBXFileReference section */

/* Begin PBXFrameworksBuildPhase section */
		443C4634198A00C50079A2C8 /* Frameworks */ = {
			isa = PBXFrameworksBuildPhase;
			buildActionMask = 2147483647;
			files = (
				1D9486A2198B0A7100324396 /* libcudart.5.5.dylib in Frameworks */,
				1D9486A0198B09AB00324396 /* libcurand.5.5.dylib in Frameworks */,
				1D94869E198B099300324396 /* libcublas.5.5.dylib in Frameworks */,
			);
			runOnlyForDeploymentPostprocessing = 0;
		};
/* End PBXFrameworksBuildPhase section */

/* Begin PBXGroup section */
		1D9486A5198B0F9B00324396 /* include */ = {
			isa = PBXGroup;
			children = (
				1DD39FB4198B5041007645E2 /* initialSystemParameters.cuh */,
				44570CA119A310CD003541D9 /* declareInitialSystemParameters.cuh */,
				44B75D6F19C42FC7000FA0E7 /* deviceSystemParameters.cuh */,
				44D2EA1819AEF78B00441BB7 /* declareDeviceSystemParameters.cuh */,
				1DD39FB1198B4BD5007645E2 /* setUp.cuh */,
				4498B4611999C2D400305A43 /* moveAtoms.cuh */,
				44570CA019A30781003541D9 /* collisions.cuh */,
				44B75D6E19C15D76000FA0E7 /* spinEvolution.cuh */,
				4498B4631999C57000305A43 /* vectorMath.cuh */,
				1D9486A4198B0F8A00324396 /* cudaHelpers.cuh */,
				1DC74A22199D7DD200C41388 /* hdf5Helpers.cuh */,
				1DF72A091995B6FE00E6659A /* statTests.cuh */,
			);
			name = include;
			sourceTree = "<group>";
		};
		443C462E198A00C50079A2C8 = {
			isa = PBXGroup;
			children = (
				1D9486A1198B0A7100324396 /* libcudart.5.5.dylib */,
				1D94869F198B09AB00324396 /* libcurand.5.5.dylib */,
				1D94869D198B099300324396 /* libcublas.5.5.dylib */,
				443C4639198A00C50079A2C8 /* CUDADSMC */,
				443C4638198A00C50079A2C8 /* Products */,
			);
			sourceTree = "<group>";
		};
		443C4638198A00C50079A2C8 /* Products */ = {
			isa = PBXGroup;
			children = (
				443C4637198A00C50079A2C8 /* CUDADSMC */,
			);
			name = Products;
			sourceTree = "<group>";
		};
		443C4639198A00C50079A2C8 /* CUDADSMC */ = {
			isa = PBXGroup;
			children = (
				449EFDC019BD2736000E8B37 /* collisionChecker.py */,
				1DE20FC119AFEB9C00B7E8EA /* energyChecker.py */,
				1DD5281F19B715840058546E /* energyComparison.py */,
				44B75D7019C7B685000FA0E7 /* wavefunctionChecker.py */,
				1D9486A6198B10A800324396 /* Makefile */,
				443C4644198A01280079A2C8 /* src */,
				1D9486A5198B0F9B00324396 /* include */,
				443C463C198A00C50079A2C8 /* CUDADSMC.1 */,
			);
			path = CUDADSMC;
			sourceTree = "<group>";
		};
		443C4644198A01280079A2C8 /* src */ = {
			isa = PBXGroup;
			children = (
				443C4645198B04E60079A2C8 /* main.cu */,
				1D94869C198B069400324396 /* setUp.cu */,
				443C4643198A01170079A2C8 /* moveAtoms.cu */,
				44570C9F19A3075A003541D9 /* collisions.cu */,
				44B75D6D19C15D41000FA0E7 /* spinEvolution.cu */,
				1D9486A3198B0CAB00324396 /* cudaHelpers.cu */,
				1DC74A21199D7DAB00C41388 /* hdf5Helpers.cu */,
				443C464719930AC60079A2C8 /* moveTest.cu */,
				44D2737C19B82A17003DC8A8 /* collideTest.cu */,
				1DF72A081995B3D500E6659A /* statTests.cu */,
			);
			name = src;
			sourceTree = "<group>";
		};
/* End PBXGroup section */

/* Begin PBXNativeTarget section */
		443C4636198A00C50079A2C8 /* CUDADSMC */ = {
			isa = PBXNativeTarget;
			buildConfigurationList = 443C4640198A00C50079A2C8 /* Build configuration list for PBXNativeTarget "CUDADSMC" */;
			buildPhases = (
				443C4633198A00C50079A2C8 /* Sources */,
				443C4634198A00C50079A2C8 /* Frameworks */,
				443C4635198A00C50079A2C8 /* CopyFiles */,
			);
			buildRules = (
			);
			dependencies = (
			);
			name = CUDADSMC;
			productName = CUDADSMC;
			productReference = 443C4637198A00C50079A2C8 /* CUDADSMC */;
			productType = "com.apple.product-type.tool";
		};
/* End PBXNativeTarget section */

/* Begin PBXProject section */
		443C462F198A00C50079A2C8 /* Project object */ = {
			isa = PBXProject;
			attributes = {
				LastUpgradeCheck = 0510;
				ORGANIZATIONNAME = WIJ;
			};
			buildConfigurationList = 443C4632198A00C50079A2C8 /* Build configuration list for PBXProject "CUDADSMC" */;
			compatibilityVersion = "Xcode 3.2";
			developmentRegion = English;
			hasScannedForEncodings = 0;
			knownRegions = (
				en,
			);
			mainGroup = 443C462E198A00C50079A2C8;
			productRefGroup = 443C4638198A00C50079A2C8 /* Products */;
			projectDirPath = "";
			projectRoot = "";
			targets = (
				443C4636198A00C50079A2C8 /* CUDADSMC */,
			);
		};
/* End PBXProject section */

/* Begin PBXSourcesBuildPhase section */
		443C4633198A00C50079A2C8 /* Sources */ = {
			isa = PBXSourcesBuildPhase;
			buildActionMask = 2147483647;
			files = (
				1DD39FB3198B4C3C007645E2 /* cudaHelpers.cu in Sources */,
				1DD39FB2198B4C38007645E2 /* setUp.cu in Sources */,
				443C4646198B04E60079A2C8 /* main.cu in Sources */,
			);
			runOnlyForDeploymentPostprocessing = 0;
		};
/* End PBXSourcesBuildPhase section */

/* Begin XCBuildConfiguration section */
		443C463E198A00C50079A2C8 /* Debug */ = {
			isa = XCBuildConfiguration;
			buildSettings = {
				ALWAYS_SEARCH_USER_PATHS = NO;
				CLANG_CXX_LANGUAGE_STANDARD = "gnu++0x";
				CLANG_CXX_LIBRARY = "libc++";
				CLANG_ENABLE_MODULES = YES;
				CLANG_ENABLE_OBJC_ARC = YES;
				CLANG_WARN_BOOL_CONVERSION = YES;
				CLANG_WARN_CONSTANT_CONVERSION = YES;
				CLANG_WARN_DIRECT_OBJC_ISA_USAGE = YES_ERROR;
				CLANG_WARN_EMPTY_BODY = YES;
				CLANG_WARN_ENUM_CONVERSION = YES;
				CLANG_WARN_INT_CONVERSION = YES;
				CLANG_WARN_OBJC_ROOT_CLASS = YES_ERROR;
				CLANG_WARN__DUPLICATE_METHOD_MATCH = YES;
				COPY_PHASE_STRIP = NO;
				GCC_C_LANGUAGE_STANDARD = gnu99;
				GCC_DYNAMIC_NO_PIC = NO;
				GCC_ENABLE_OBJC_EXCEPTIONS = YES;
				GCC_OPTIMIZATION_LEVEL = 0;
				GCC_PREPROCESSOR_DEFINITIONS = (
					"DEBUG=1",
					"$(inherited)",
				);
				GCC_SYMBOLS_PRIVATE_EXTERN = NO;
				GCC_WARN_64_TO_32_BIT_CONVERSION = YES;
				GCC_WARN_ABOUT_RETURN_TYPE = YES_ERROR;
				GCC_WARN_UNDECLARED_SELECTOR = YES;
				GCC_WARN_UNINITIALIZED_AUTOS = YES_AGGRESSIVE;
				GCC_WARN_UNUSED_FUNCTION = YES;
				GCC_WARN_UNUSED_VARIABLE = YES;
				MACOSX_DEPLOYMENT_TARGET = 10.9;
				ONLY_ACTIVE_ARCH = YES;
				SDKROOT = macosx;
			};
			name = Debug;
		};
		443C463F198A00C50079A2C8 /* Release */ = {
			isa = XCBuildConfiguration;
			buildSettings = {
				ALWAYS_SEARCH_USER_PATHS = NO;
				CLANG_CXX_LANGUAGE_STANDARD = "gnu++0x";
				CLANG_CXX_LIBRARY = "libc++";
				CLANG_ENABLE_MODULES = YES;
				CLANG_ENABLE_OBJC_ARC = YES;
				CLANG_WARN_BOOL_CONVERSION = YES;
				CLANG_WARN_CONSTANT_CONVERSION = YES;
				CLANG_WARN_DIRECT_OBJC_ISA_USAGE = YES_ERROR;
				CLANG_WARN_EMPTY_BODY = YES;
				CLANG_WARN_ENUM_CONVERSION = YES;
				CLANG_WARN_INT_CONVERSION = YES;
				CLANG_WARN_OBJC_ROOT_CLASS = YES_ERROR;
				CLANG_WARN__DUPLICATE_METHOD_MATCH = YES;
				COPY_PHASE_STRIP = YES;
				DEBUG_INFORMATION_FORMAT = "dwarf-with-dsym";
				ENABLE_NS_ASSERTIONS = NO;
				GCC_C_LANGUAGE_STANDARD = gnu99;
				GCC_ENABLE_OBJC_EXCEPTIONS = YES;
				GCC_WARN_64_TO_32_BIT_CONVERSION = YES;
				GCC_WARN_ABOUT_RETURN_TYPE = YES_ERROR;
				GCC_WARN_UNDECLARED_SELECTOR = YES;
				GCC_WARN_UNINITIALIZED_AUTOS = YES_AGGRESSIVE;
				GCC_WARN_UNUSED_FUNCTION = YES;
				GCC_WARN_UNUSED_VARIABLE = YES;
				MACOSX_DEPLOYMENT_TARGET = 10.9;
				SDKROOT = macosx;
			};
			name = Release;
		};
		443C4641198A00C50079A2C8 /* Debug */ = {
			isa = XCBuildConfiguration;
			buildSettings = {
				ALWAYS_SEARCH_USER_PATHS = YES;
				HEADER_SEARCH_PATHS = (
					"$(inherited)",
					"/Developer/NVIDIA/CUDA-5.5/include",
					/Applications/Xcode.app/Contents/Developer/Toolchains/XcodeDefault.xctoolchain/usr/include,
				);
				LIBRARY_SEARCH_PATHS = (
					"$(inherited)",
					"/Developer/NVIDIA/CUDA-5.5/lib",
				);
				PRODUCT_NAME = "$(TARGET_NAME)";
				"USER_HEADER_SEARCH_PATHS[arch=*]" = "$(SRCROOT)/CUDADSMC/include";
			};
			name = Debug;
		};
		443C4642198A00C50079A2C8 /* Release */ = {
			isa = XCBuildConfiguration;
			buildSettings = {
				ALWAYS_SEARCH_USER_PATHS = YES;
				HEADER_SEARCH_PATHS = (
					"$(inherited)",
					"/Developer/NVIDIA/CUDA-5.5/include",
					/Applications/Xcode.app/Contents/Developer/Toolchains/XcodeDefault.xctoolchain/usr/include,
				);
				"HEADER_SEARCH_PATHS[arch=*]" = (
					"$(inherited)",
					/Applications/Xcode.app/Contents/Developer/Toolchains/XcodeDefault.xctoolchain/usr/include,
					"/Developer/NVIDIA/CUDA-5.5/include",
				);
				LIBRARY_SEARCH_PATHS = (
					"$(inherited)",
					"/Developer/NVIDIA/CUDA-5.5/lib",
				);
				PRODUCT_NAME = "$(TARGET_NAME)";
				"USER_HEADER_SEARCH_PATHS[arch=*]" = "$(SRCROOT)/CUDADSMC/include ";
			};
			name = Release;
		};
/* End XCBuildConfiguration section */

/* Begin XCConfigurationList section */
		443C4632198A00C50079A2C8 /* Build configuration list for PBXProject "CUDADSMC" */ = {
			isa = XCConfigurationList;
			buildConfigurations = (
				443C463E198A00C50079A2C8 /* Debug */,
				443C463F198A00C50079A2C8 /* Release */,
			);
			defaultConfigurationIsVisible = 0;
			defaultConfigurationName = Release;
		};
		443C4640198A00C50079A2C8 /* Build configuration list for PBXNativeTarget "CUDADSMC" */ = {
			isa = XCConfigurationList;
			buildConfigurations = (
				443C4641198A00C50079A2C8 /* Debug */,
				443C4642198A00C50079A2C8 /* Release */,
			);
			defaultConfigurationIsVisible = 0;
			defaultConfigurationName = Release;
		};
/* End XCConfigurationList section */
	};
	rootObject = 443C462F198A00C50079A2C8 /* Project object */;
}
